github.com/hashicorp/go-version v1.2.0 h1:3vNe/fWF5CBgRIguda1meWhsZHy3m8gCJ5wx+dIzX/E=
github.com/hashicorp/go-version v1.2.0/go.mod h1:fltr4n8CU8Ke44wwGCBoEymUuxUHlNVuMgsgwz3DrGo=
github.com/hashicorp/hcl/v2 v2.12.0 h1:UaTzuU6cYiY/8fkR8lPbFDBz/TZ3vq3W9X8O5dSYC1k=
github.com/hashicorp/hcl/v2 v2.12.0/go.mod h1:tWimk0v1x4+Wf4MvQ5nk5n5hSNe5z5L5E5HJUT9CRG4=
github.com/hashicorp/hil v0.0.0-20190212132231-97b3a9cdfa93/go.mod h1:QeaZN50tSqi+3mwP3j6dlOY6UJGZl/+j6Kj9IiyNxT0=
github.com/hashicorp/hil v0.0.0-20190212132506-97b3a9cdfa93 h1:ZJtDVF2kxGx9Wn+XpJdY/oDgYwvPWaSR+1n5k5gJd1U=
github.com/hashicorp/hil v0.0.0-20190212132506-97b3a9cdfa93/go.mod h1:QeaZN50tSqi+3mwP3j6dlOY6UJGZl/+j6Kj9IiyNxT0=
github.com/zclconf/go-cty v1.0.0 h1:4ca19710jtpU6d3GTLq2U6FHjLf7+KY1+v76lGT7VEM=
github.com/zclconf/go-cty v1.0.0/go.mod h1:xYEP2drhHbJF6yjsnWhsBGRz61aNiVK9/ygC07LmB0Y=
golang.org/x/net v0.0.0-20210226172049-e18ecbb05110/go.mod h1:6Qr_va7UaNzOd+8V7M8aDMKvm4f1AYPWkjx5vuv8gS4=
golang.org/x/sys v0.0.0-20210225134936-a50acf3fe073/go.mod h1:h1NjWce9XRLGQEsW7wpKNCjG9DtNlClVuFLEZdDNbEs=
golang.org/x/text v0.3.0/go.mod h1:NqM8
